
Microsoft Visual Studio Solution File, Format Version 12.00
Project("{FAE04EC0-301F-11D3-BF4B-00C04F79EFBC}") = "ObserverPattern", "ObserverPattern\ObserverPattern.csproj", "{94A5069B-6DB8-49ED-9E6F-7645E53BD4C5}"
EndProject
Project("{FAE04EC0-301F-11D3-BF4B-00C04F79EFBC}") = "ObserverDemo", "ObserverDemo\ObserverDemo.csproj", "{1FE16F3B-9027-4298-B7A6-EEBCE5097992}"
EndProject
Project("{FAE04EC0-301F-11D3-BF4B-00C04F79EFBC}") = "RaceDemo", "RaceDemo\RaceDemo.csproj", "{6B9F0EC7-34C8-4586-B447-F1311D0DEFFA}"
EndProject
Global
	GlobalSection(SolutionConfigurationPlatforms) = preSolution
		Debug|Any CPU = Debug|Any CPU
		Debug|x64 = Debug|x64
		Debug|x86 = Debug|x86
		Release|Any CPU = Release|Any CPU
		Release|x64 = Release|x64
		Release|x86 = Release|x86
	EndGlobalSection
	GlobalSection(ProjectConfigurationPlatforms) = postSolution
		{94A5069B-6DB8-49ED-9E6F-7645E53BD4C5}.Debug|Any CPU.ActiveCfg = Debug|Any CPU
		{94A5069B-6DB8-49ED-9E6F-7645E53BD4C5}.Debug|Any CPU.Build.0 = Debug|Any CPU
		{94A5069B-6DB8-49ED-9E6F-7645E53BD4C5}.Debug|x64.ActiveCfg = Debug|Any CPU
		{94A5069B-6DB8-49ED-9E6F-7645E53BD4C5}.Debug|x64.Build.0 = Debug|Any CPU
		{94A5069B-6DB8-49ED-9E6F-7645E53BD4C5}.Debug|x86.ActiveCfg = Debug|Any CPU
		{94A5069B-6DB8-49ED-9E6F-7645E53BD4C5}.Debug|x86.Build.0 = Debug|Any CPU
		{94A5069B-6DB8-49ED-9E6F-7645E53BD4C5}.Release|Any CPU.ActiveCfg = Release|Any CPU
		{94A5069B-6DB8-49ED-9E6F-7645E53BD4C5}.Release|Any CPU.Build.0 = Release|Any CPU
		{94A5069B-6DB8-49ED-9E6F-7645E53BD4C5}.Release|x64.ActiveCfg = Release|Any CPU
		{94A5069B-6DB8-49ED-9E6F-7645E53BD4C5}.Release|x64.Build.0 = Release|Any CPU
		{94A5069B-6DB8-49ED-9E6F-7645E53BD4C5}.Release|x86.ActiveCfg = Release|Any CPU
		{94A5069B-6DB8-49ED-9E6F-7645E53BD4C5}.Release|x86.Build.0 = Release|Any CPU
		{1FE16F3B-9027-4298-B7A6-EEBCE5097992}.Debug|Any CPU.ActiveCfg = Debug|Any CPU
		{1FE16F3B-9027-4298-B7A6-EEBCE5097992}.Debug|Any CPU.Build.0 = Debug|Any CPU
		{1FE16F3B-9027-4298-B7A6-EEBCE5097992}.Debug|x64.ActiveCfg = Debug|Any CPU
		{1FE16F3B-9027-4298-B7A6-EEBCE5097992}.Debug|x64.Build.0 = Debug|Any CPU
		{1FE16F3B-9027-4298-B7A6-EEBCE5097992}.Debug|x86.ActiveCfg = Debug|Any CPU
		{1FE16F3B-9027-4298-B7A6-EEBCE5097992}.Debug|x86.Build.0 = Debug|Any CPU
		{1FE16F3B-9027-4298-B7A6-EEBCE5097992}.Release|Any CPU.ActiveCfg = Release|Any CPU
		{1FE16F3B-9027-4298-B7A6-EEBCE5097992}.Release|Any CPU.Build.0 = Release|Any CPU
		{1FE16F3B-9027-4298-B7A6-EEBCE5097992}.Release|x64.ActiveCfg = Release|Any CPU
		{1FE16F3B-9027-4298-B7A6-EEBCE5097992}.Release|x64.Build.0 = Release|Any CPU
		{1FE16F3B-9027-4298-B7A6-EEBCE5097992}.Release|x86.ActiveCfg = Release|Any CPU
		{1FE16F3B-9027-4298-B7A6-EEBCE5097992}.Release|x86.Build.0 = Release|Any CPU
		{6B9F0EC7-34C8-4586-B447-F1311D0DEFFA}.Debug|Any CPU.ActiveCfg = Debug|Any CPU
		{6B9F0EC7-34C8-4586-B447-F1311D0DEFFA}.Debug|Any CPU.Build.0 = Debug|Any CPU
		{6B9F0EC7-34C8-4586-B447-F1311D0DEFFA}.Debug|x64.ActiveCfg = Debug|Any CPU
		{6B9F0EC7-34C8-4586-B447-F1311D0DEFFA}.Debug|x64.Build.0 = Debug|Any CPU
		{6B9F0EC7-34C8-4586-B447-F1311D0DEFFA}.Debug|x86.ActiveCfg = Debug|Any CPU
		{6B9F0EC7-34C8-4586-B447-F1311D0DEFFA}.Debug|x86.Build.0 = Debug|Any CPU
		{6B9F0EC7-34C8-4586-B447-F1311D0DEFFA}.Release|Any CPU.ActiveCfg = Release|Any CPU
		{6B9F0EC7-34C8-4586-B447-F1311D0DEFFA}.Release|Any CPU.Build.0 = Release|Any CPU
		{6B9F0EC7-34C8-4586-B447-F1311D0DEFFA}.Release|x64.ActiveCfg = Release|Any CPU
		{6B9F0EC7-34C8-4586-B447-F1311D0DEFFA}.Release|x64.Build.0 = Release|Any CPU
		{6B9F0EC7-34C8-4586-B447-F1311D0DEFFA}.Release|x86.ActiveCfg = Release|Any CPU
		{6B9F0EC7-34C8-4586-B447-F1311D0DEFFA}.Release|x86.Build.0 = Release|Any CPU
	EndGlobalSection
	GlobalSection(SolutionProperties) = preSolution
		HideSolutionNode = FALSE
	EndGlobalSection
EndGlobal
